
Microsoft Visual Studio Solution File, Format Version 12.00
# Visual Studio Version 17
VisualStudioVersion = 17.10.34928.147
MinimumVisualStudioVersion = 10.0.40219.1
Project("{FAE04EC0-301F-11D3-BF4B-00C04F79EFBC}") = "Ticket Price Calculator", "Ticket Price Calculator\Ticket Price Calculator.csproj", "{03A365F1-D838-4AB0-8299-36DD2180C3C4}"
EndProject
Global
	GlobalSection(SolutionConfigurationPlatforms) = preSolution
		Debug|Any CPU = Debug|Any CPU
		Release|Any CPU = Release|Any CPU
	EndGlobalSection
	GlobalSection(ProjectConfigurationPlatforms) = postSolution
		{03A365F1-D838-4AB0-8299-36DD2180C3C4}.Debug|Any CPU.ActiveCfg = Debug|Any CPU
		{03A365F1-D838-4AB0-8299-36DD2180C3C4}.Debug|Any CPU.Build.0 = Debug|Any CPU
		{03A365F1-D838-4AB0-8299-36DD2180C3C4}.Release|Any CPU.ActiveCfg = Release|Any CPU
		{03A365F1-D838-4AB0-8299-36DD2180C3C4}.Release|Any CPU.Build.0 = Release|Any CPU
	EndGlobalSection
	GlobalSection(SolutionProperties) = preSolution
		HideSolutionNode = FALSE
	EndGlobalSection
	GlobalSection(ExtensibilityGlobals) = postSolution
		SolutionGuid = {1734CA62-651A-482E-A002-B52D153D7CFA}
	EndGlobalSection
EndGlobal
